// !$*UTF8*$!
{
	archiveVersion = 1;
	classes = {
	};
	objectVersion = 46;
	objects = {

/* Begin PBXBuildFile section */
		040ED13C1A5E06620014413E /* PartyListDataSource.swift in Sources */ = {isa = PBXBuildFile; fileRef = 040ED13B1A5E06620014413E /* PartyListDataSource.swift */; };
		040ED13F1A5E09A80014413E /* PartyListCell.swift in Sources */ = {isa = PBXBuildFile; fileRef = 040ED13E1A5E09A80014413E /* PartyListCell.swift */; };
		044468231A5DD75100B22106 /* AppDelegate.swift in Sources */ = {isa = PBXBuildFile; fileRef = 044468221A5DD75100B22106 /* AppDelegate.swift */; };
		044468251A5DD75100B22106 /* PartyListViewController.swift in Sources */ = {isa = PBXBuildFile; fileRef = 044468241A5DD75100B22106 /* PartyListViewController.swift */; };
		044468271A5DD75100B22106 /* PartyInfoViewController.swift in Sources */ = {isa = PBXBuildFile; fileRef = 044468261A5DD75100B22106 /* PartyInfoViewController.swift */; };
		0444682A1A5DD75100B22106 /* Main.storyboard in Resources */ = {isa = PBXBuildFile; fileRef = 044468281A5DD75100B22106 /* Main.storyboard */; };
		0444682C1A5DD75100B22106 /* Images.xcassets in Resources */ = {isa = PBXBuildFile; fileRef = 0444682B1A5DD75100B22106 /* Images.xcassets */; };
		0444682F1A5DD75100B22106 /* LaunchScreen.xib in Resources */ = {isa = PBXBuildFile; fileRef = 0444682D1A5DD75100B22106 /* LaunchScreen.xib */; };
		0444683B1A5DD75100B22106 /* WWDC_PartiesTests.swift in Sources */ = {isa = PBXBuildFile; fileRef = 0444683A1A5DD75100B22106 /* WWDC_PartiesTests.swift */; };
		044468451A5DE1EF00B22106 /* PartyHandler.swift in Sources */ = {isa = PBXBuildFile; fileRef = 044468441A5DE1EF00B22106 /* PartyHandler.swift */; };
		044468491A5DEF9000B22106 /* SwiftyJSON.swift in Sources */ = {isa = PBXBuildFile; fileRef = 044468481A5DEF9000B22106 /* SwiftyJSON.swift */; };
		047170C61A725F0500F5C22B /* MMWormhole.m in Sources */ = {isa = PBXBuildFile; fileRef = 047170C51A725F0500F5C22B /* MMWormhole.m */; };
		047170C91A72603A00F5C22B /* WWDCPartiesAPI.swift in Sources */ = {isa = PBXBuildFile; fileRef = 047170C81A72603A00F5C22B /* WWDCPartiesAPI.swift */; };
		0471769A1A64C17B00B897F1 /* PartyInfoSharer.swift in Sources */ = {isa = PBXBuildFile; fileRef = 047176991A64C17B00B897F1 /* PartyInfoSharer.swift */; };
		04AEF8771A5E1C7200135778 /* Party.swift in Sources */ = {isa = PBXBuildFile; fileRef = 04AEF8761A5E1C7200135778 /* Party.swift */; };
		04DF35B31A722C9000C78C70 /* InterfaceController.swift in Sources */ = {isa = PBXBuildFile; fileRef = 04DF35B21A722C9000C78C70 /* InterfaceController.swift */; };
		04DF35B51A722C9000C78C70 /* NotificationController.swift in Sources */ = {isa = PBXBuildFile; fileRef = 04DF35B41A722C9000C78C70 /* NotificationController.swift */; };
		04DF35B71A722C9000C78C70 /* GlanceController.swift in Sources */ = {isa = PBXBuildFile; fileRef = 04DF35B61A722C9000C78C70 /* GlanceController.swift */; };
		04DF35B91A722C9000C78C70 /* Images.xcassets in Resources */ = {isa = PBXBuildFile; fileRef = 04DF35B81A722C9000C78C70 /* Images.xcassets */; };
		04DF35BD1A722C9000C78C70 /* WWDC Parties WatchKit App.app in Resources */ = {isa = PBXBuildFile; fileRef = 04DF35BC1A722C9000C78C70 /* WWDC Parties WatchKit App.app */; };
		04DF35C51A722C9100C78C70 /* Interface.storyboard in Resources */ = {isa = PBXBuildFile; fileRef = 04DF35C31A722C9100C78C70 /* Interface.storyboard */; };
		04DF35C71A722C9100C78C70 /* Images.xcassets in Resources */ = {isa = PBXBuildFile; fileRef = 04DF35C61A722C9100C78C70 /* Images.xcassets */; };
		04DF35CA1A722C9100C78C70 /* WWDC Parties WatchKit Extension.appex in Embed App Extensions */ = {isa = PBXBuildFile; fileRef = 04DF35AD1A722C9000C78C70 /* WWDC Parties WatchKit Extension.appex */; settings = {ATTRIBUTES = (RemoveHeadersOnCopy, ); }; };
		04DF35D41A72397900C78C70 /* PartyRow.swift in Sources */ = {isa = PBXBuildFile; fileRef = 04DF35D31A72397900C78C70 /* PartyRow.swift */; };
		04DF35D81A723CC200C78C70 /* PartyInfoController.swift in Sources */ = {isa = PBXBuildFile; fileRef = 04DF35D71A723CC200C78C70 /* PartyInfoController.swift */; };
/* End PBXBuildFile section */

/* Begin PBXContainerItemProxy section */
		044468351A5DD75100B22106 /* PBXContainerItemProxy */ = {
			isa = PBXContainerItemProxy;
			containerPortal = 044468151A5DD75100B22106 /* Project object */;
			proxyType = 1;
			remoteGlobalIDString = 0444681C1A5DD75100B22106;
			remoteInfo = "WWDC Parties";
		};
		04DF35BE1A722C9000C78C70 /* PBXContainerItemProxy */ = {
			isa = PBXContainerItemProxy;
			containerPortal = 044468151A5DD75100B22106 /* Project object */;
			proxyType = 1;
			remoteGlobalIDString = 04DF35BB1A722C9000C78C70;
			remoteInfo = "WWDC Parties WatchKit App";
		};
		04DF35C81A722C9100C78C70 /* PBXContainerItemProxy */ = {
			isa = PBXContainerItemProxy;
			containerPortal = 044468151A5DD75100B22106 /* Project object */;
			proxyType = 1;
			remoteGlobalIDString = 04DF35AC1A722C9000C78C70;
			remoteInfo = "WWDC Parties WatchKit Extension";
		};
/* End PBXContainerItemProxy section */

/* Begin PBXCopyFilesBuildPhase section */
		04DF35D11A722C9100C78C70 /* Embed App Extensions */ = {
			isa = PBXCopyFilesBuildPhase;
			buildActionMask = 2147483647;
			dstPath = "";
			dstSubfolderSpec = 13;
			files = (
				04DF35CA1A722C9100C78C70 /* WWDC Parties WatchKit Extension.appex in Embed App Extensions */,
			);
			name = "Embed App Extensions";
			runOnlyForDeploymentPostprocessing = 0;
		};
/* End PBXCopyFilesBuildPhase section */

/* Begin PBXFileReference section */
		040ED13B1A5E06620014413E /* PartyListDataSource.swift */ = {isa = PBXFileReference; fileEncoding = 4; lastKnownFileType = sourcecode.swift; path = PartyListDataSource.swift; sourceTree = "<group>"; };
		040ED13E1A5E09A80014413E /* PartyListCell.swift */ = {isa = PBXFileReference; fileEncoding = 4; lastKnownFileType = sourcecode.swift; path = PartyListCell.swift; sourceTree = "<group>"; };
		0444681D1A5DD75100B22106 /* WWDC Parties.app */ = {isa = PBXFileReference; explicitFileType = wrapper.application; includeInIndex = 0; path = "WWDC Parties.app"; sourceTree = BUILT_PRODUCTS_DIR; };
		044468211A5DD75100B22106 /* Info.plist */ = {isa = PBXFileReference; lastKnownFileType = text.plist.xml; path = Info.plist; sourceTree = "<group>"; };
		044468221A5DD75100B22106 /* AppDelegate.swift */ = {isa = PBXFileReference; lastKnownFileType = sourcecode.swift; path = AppDelegate.swift; sourceTree = "<group>"; };
		044468241A5DD75100B22106 /* PartyListViewController.swift */ = {isa = PBXFileReference; lastKnownFileType = sourcecode.swift; path = PartyListViewController.swift; sourceTree = "<group>"; };
		044468261A5DD75100B22106 /* PartyInfoViewController.swift */ = {isa = PBXFileReference; lastKnownFileType = sourcecode.swift; path = PartyInfoViewController.swift; sourceTree = "<group>"; };
		044468291A5DD75100B22106 /* Base */ = {isa = PBXFileReference; lastKnownFileType = file.storyboard; name = Base; path = Base.lproj/Main.storyboard; sourceTree = "<group>"; };
		0444682B1A5DD75100B22106 /* Images.xcassets */ = {isa = PBXFileReference; lastKnownFileType = folder.assetcatalog; path = Images.xcassets; sourceTree = "<group>"; };
		0444682E1A5DD75100B22106 /* Base */ = {isa = PBXFileReference; lastKnownFileType = file.xib; name = Base; path = Base.lproj/LaunchScreen.xib; sourceTree = "<group>"; };
		044468341A5DD75100B22106 /* WWDC PartiesTests.xctest */ = {isa = PBXFileReference; explicitFileType = wrapper.cfbundle; includeInIndex = 0; path = "WWDC PartiesTests.xctest"; sourceTree = BUILT_PRODUCTS_DIR; };
		044468391A5DD75100B22106 /* Info.plist */ = {isa = PBXFileReference; lastKnownFileType = text.plist.xml; path = Info.plist; sourceTree = "<group>"; };
		0444683A1A5DD75100B22106 /* WWDC_PartiesTests.swift */ = {isa = PBXFileReference; lastKnownFileType = sourcecode.swift; path = WWDC_PartiesTests.swift; sourceTree = "<group>"; };
		044468441A5DE1EF00B22106 /* PartyHandler.swift */ = {isa = PBXFileReference; fileEncoding = 4; lastKnownFileType = sourcecode.swift; path = PartyHandler.swift; sourceTree = "<group>"; };
		044468481A5DEF9000B22106 /* SwiftyJSON.swift */ = {isa = PBXFileReference; fileEncoding = 4; lastKnownFileType = sourcecode.swift; path = SwiftyJSON.swift; sourceTree = "<group>"; };
		047170C31A725F0500F5C22B /* WWDC Parties-Bridging-Header.h */ = {isa = PBXFileReference; lastKnownFileType = sourcecode.c.h; path = "WWDC Parties-Bridging-Header.h"; sourceTree = "<group>"; };
		047170C41A725F0500F5C22B /* MMWormhole.h */ = {isa = PBXFileReference; fileEncoding = 4; lastKnownFileType = sourcecode.c.h; path = MMWormhole.h; sourceTree = "<group>"; };
		047170C51A725F0500F5C22B /* MMWormhole.m */ = {isa = PBXFileReference; fileEncoding = 4; lastKnownFileType = sourcecode.c.objc; path = MMWormhole.m; sourceTree = "<group>"; };
		047170C71A725FB100F5C22B /* WWDC Parties WatchKit Extension.entitlements */ = {isa = PBXFileReference; lastKnownFileType = text.xml; path = "WWDC Parties WatchKit Extension.entitlements"; sourceTree = "<group>"; };
		047170C81A72603A00F5C22B /* WWDCPartiesAPI.swift */ = {isa = PBXFileReference; fileEncoding = 4; lastKnownFileType = sourcecode.swift; path = WWDCPartiesAPI.swift; sourceTree = "<group>"; };
		047176991A64C17B00B897F1 /* PartyInfoSharer.swift */ = {isa = PBXFileReference; fileEncoding = 4; lastKnownFileType = sourcecode.swift; path = PartyInfoSharer.swift; sourceTree = "<group>"; };
		04AEF8761A5E1C7200135778 /* Party.swift */ = {isa = PBXFileReference; fileEncoding = 4; lastKnownFileType = sourcecode.swift; path = Party.swift; sourceTree = "<group>"; };
		04DF35AD1A722C9000C78C70 /* WWDC Parties WatchKit Extension.appex */ = {isa = PBXFileReference; explicitFileType = "wrapper.app-extension"; includeInIndex = 0; path = "WWDC Parties WatchKit Extension.appex"; sourceTree = BUILT_PRODUCTS_DIR; };
		04DF35B01A722C9000C78C70 /* Info.plist */ = {isa = PBXFileReference; lastKnownFileType = text.plist.xml; path = Info.plist; sourceTree = "<group>"; };
		04DF35B11A722C9000C78C70 /* PushNotificationPayload.apns */ = {isa = PBXFileReference; lastKnownFileType = text; path = PushNotificationPayload.apns; sourceTree = "<group>"; };
		04DF35B21A722C9000C78C70 /* InterfaceController.swift */ = {isa = PBXFileReference; lastKnownFileType = sourcecode.swift; path = InterfaceController.swift; sourceTree = "<group>"; };
		04DF35B41A722C9000C78C70 /* NotificationController.swift */ = {isa = PBXFileReference; lastKnownFileType = sourcecode.swift; path = NotificationController.swift; sourceTree = "<group>"; };
		04DF35B61A722C9000C78C70 /* GlanceController.swift */ = {isa = PBXFileReference; lastKnownFileType = sourcecode.swift; path = GlanceController.swift; sourceTree = "<group>"; };
		04DF35B81A722C9000C78C70 /* Images.xcassets */ = {isa = PBXFileReference; lastKnownFileType = folder.assetcatalog; path = Images.xcassets; sourceTree = "<group>"; };
		04DF35BC1A722C9000C78C70 /* WWDC Parties WatchKit App.app */ = {isa = PBXFileReference; explicitFileType = wrapper.application; includeInIndex = 0; path = "WWDC Parties WatchKit App.app"; sourceTree = BUILT_PRODUCTS_DIR; };
		04DF35C21A722C9000C78C70 /* Info.plist */ = {isa = PBXFileReference; lastKnownFileType = text.plist.xml; path = Info.plist; sourceTree = "<group>"; };
		04DF35C41A722C9100C78C70 /* Base */ = {isa = PBXFileReference; lastKnownFileType = file.storyboard; name = Base; path = Base.lproj/Interface.storyboard; sourceTree = "<group>"; };
		04DF35C61A722C9100C78C70 /* Images.xcassets */ = {isa = PBXFileReference; lastKnownFileType = folder.assetcatalog; path = Images.xcassets; sourceTree = "<group>"; };
		04DF35D31A72397900C78C70 /* PartyRow.swift */ = {isa = PBXFileReference; fileEncoding = 4; lastKnownFileType = sourcecode.swift; path = PartyRow.swift; sourceTree = "<group>"; };
		04DF35D71A723CC200C78C70 /* PartyInfoController.swift */ = {isa = PBXFileReference; fileEncoding = 4; lastKnownFileType = sourcecode.swift; path = PartyInfoController.swift; sourceTree = "<group>"; };
		04E00E961A60AC2E00EE9A99 /* WWDC Parties.entitlements */ = {isa = PBXFileReference; lastKnownFileType = text.xml; path = "WWDC Parties.entitlements"; sourceTree = "<group>"; };
/* End PBXFileReference section */

/* Begin PBXFrameworksBuildPhase section */
		0444681A1A5DD75100B22106 /* Frameworks */ = {
			isa = PBXFrameworksBuildPhase;
			buildActionMask = 2147483647;
			files = (
			);
			runOnlyForDeploymentPostprocessing = 0;
		};
		044468311A5DD75100B22106 /* Frameworks */ = {
			isa = PBXFrameworksBuildPhase;
			buildActionMask = 2147483647;
			files = (
			);
			runOnlyForDeploymentPostprocessing = 0;
		};
		04DF35AA1A722C9000C78C70 /* Frameworks */ = {
			isa = PBXFrameworksBuildPhase;
			buildActionMask = 2147483647;
			files = (
			);
			runOnlyForDeploymentPostprocessing = 0;
		};
/* End PBXFrameworksBuildPhase section */

/* Begin PBXGroup section */
		040ED13D1A5E09860014413E /* Party List */ = {
			isa = PBXGroup;
			children = (
				044468241A5DD75100B22106 /* PartyListViewController.swift */,
				040ED13B1A5E06620014413E /* PartyListDataSource.swift */,
				040ED13E1A5E09A80014413E /* PartyListCell.swift */,
			);
			name = "Party List";
			sourceTree = "<group>";
		};
		044468141A5DD75100B22106 = {
			isa = PBXGroup;
			children = (
				0444681F1A5DD75100B22106 /* WWDC Parties */,
				044468371A5DD75100B22106 /* WWDC PartiesTests */,
				04DF35AE1A722C9000C78C70 /* WWDC Parties WatchKit Extension */,
				04DF35C01A722C9000C78C70 /* WWDC Parties WatchKit App */,
				0444681E1A5DD75100B22106 /* Products */,
			);
			sourceTree = "<group>";
		};
		0444681E1A5DD75100B22106 /* Products */ = {
			isa = PBXGroup;
			children = (
				0444681D1A5DD75100B22106 /* WWDC Parties.app */,
				044468341A5DD75100B22106 /* WWDC PartiesTests.xctest */,
				04DF35AD1A722C9000C78C70 /* WWDC Parties WatchKit Extension.appex */,
				04DF35BC1A722C9000C78C70 /* WWDC Parties WatchKit App.app */,
			);
			name = Products;
			sourceTree = "<group>";
		};
		0444681F1A5DD75100B22106 /* WWDC Parties */ = {
			isa = PBXGroup;
			children = (
				04AEF87B1A5E207A00135778 /* Source */,
				04AEF87A1A5E206800135778 /* Interface */,
				044468201A5DD75100B22106 /* Supporting Files */,
			);
			path = "WWDC Parties";
			sourceTree = "<group>";
		};
		044468201A5DD75100B22106 /* Supporting Files */ = {
			isa = PBXGroup;
			children = (
				04E00E961A60AC2E00EE9A99 /* WWDC Parties.entitlements */,
				044468211A5DD75100B22106 /* Info.plist */,
			);
			name = "Supporting Files";
			sourceTree = "<group>";
		};
		044468371A5DD75100B22106 /* WWDC PartiesTests */ = {
			isa = PBXGroup;
			children = (
				0444683A1A5DD75100B22106 /* WWDC_PartiesTests.swift */,
				044468381A5DD75100B22106 /* Supporting Files */,
			);
			path = "WWDC PartiesTests";
			sourceTree = "<group>";
		};
		044468381A5DD75100B22106 /* Supporting Files */ = {
			isa = PBXGroup;
			children = (
				044468391A5DD75100B22106 /* Info.plist */,
			);
			name = "Supporting Files";
			sourceTree = "<group>";
		};
		047170C21A725EF100F5C22B /* Third Party */ = {
			isa = PBXGroup;
			children = (
				047170C41A725F0500F5C22B /* MMWormhole.h */,
				047170C51A725F0500F5C22B /* MMWormhole.m */,
				044468481A5DEF9000B22106 /* SwiftyJSON.swift */,
				047170C31A725F0500F5C22B /* WWDC Parties-Bridging-Header.h */,
			);
			name = "Third Party";
			sourceTree = "<group>";
		};
		04AEF8781A5E204F00135778 /* Data Handling */ = {
			isa = PBXGroup;
			children = (
				044468441A5DE1EF00B22106 /* PartyHandler.swift */,
				04AEF8761A5E1C7200135778 /* Party.swift */,
				047170C81A72603A00F5C22B /* WWDCPartiesAPI.swift */,
			);
			name = "Data Handling";
			sourceTree = "<group>";
		};
		04AEF8791A5E205D00135778 /* Party Info */ = {
			isa = PBXGroup;
			children = (
				044468261A5DD75100B22106 /* PartyInfoViewController.swift */,
				047176991A64C17B00B897F1 /* PartyInfoSharer.swift */,
			);
			name = "Party Info";
			sourceTree = "<group>";
		};
		04AEF87A1A5E206800135778 /* Interface */ = {
			isa = PBXGroup;
			children = (
				044468281A5DD75100B22106 /* Main.storyboard */,
				0444682B1A5DD75100B22106 /* Images.xcassets */,
				0444682D1A5DD75100B22106 /* LaunchScreen.xib */,
			);
			name = Interface;
			sourceTree = "<group>";
		};
		04AEF87B1A5E207A00135778 /* Source */ = {
			isa = PBXGroup;
			children = (
				044468221A5DD75100B22106 /* AppDelegate.swift */,
				047170C21A725EF100F5C22B /* Third Party */,
				04AEF8781A5E204F00135778 /* Data Handling */,
				040ED13D1A5E09860014413E /* Party List */,
				04AEF8791A5E205D00135778 /* Party Info */,
			);
			name = Source;
			sourceTree = "<group>";
		};
		04DF35AE1A722C9000C78C70 /* WWDC Parties WatchKit Extension */ = {
			isa = PBXGroup;
			children = (
				047170C71A725FB100F5C22B /* WWDC Parties WatchKit Extension.entitlements */,
				04DF35B21A722C9000C78C70 /* InterfaceController.swift */,
				04DF35B41A722C9000C78C70 /* NotificationController.swift */,
				04DF35B61A722C9000C78C70 /* GlanceController.swift */,
				04DF35D71A723CC200C78C70 /* PartyInfoController.swift */,
				04DF35D31A72397900C78C70 /* PartyRow.swift */,
				04DF35B81A722C9000C78C70 /* Images.xcassets */,
				04DF35AF1A722C9000C78C70 /* Supporting Files */,
			);
			path = "WWDC Parties WatchKit Extension";
			sourceTree = "<group>";
		};
		04DF35AF1A722C9000C78C70 /* Supporting Files */ = {
			isa = PBXGroup;
			children = (
				04DF35B01A722C9000C78C70 /* Info.plist */,
				04DF35B11A722C9000C78C70 /* PushNotificationPayload.apns */,
			);
			name = "Supporting Files";
			sourceTree = "<group>";
		};
		04DF35C01A722C9000C78C70 /* WWDC Parties WatchKit App */ = {
			isa = PBXGroup;
			children = (
				04DF35C31A722C9100C78C70 /* Interface.storyboard */,
				04DF35C61A722C9100C78C70 /* Images.xcassets */,
				04DF35C11A722C9000C78C70 /* Supporting Files */,
			);
			path = "WWDC Parties WatchKit App";
			sourceTree = "<group>";
		};
		04DF35C11A722C9000C78C70 /* Supporting Files */ = {
			isa = PBXGroup;
			children = (
				04DF35C21A722C9000C78C70 /* Info.plist */,
			);
			name = "Supporting Files";
			sourceTree = "<group>";
		};
/* End PBXGroup section */

/* Begin PBXNativeTarget section */
		0444681C1A5DD75100B22106 /* WWDC Parties */ = {
			isa = PBXNativeTarget;
			buildConfigurationList = 0444683E1A5DD75100B22106 /* Build configuration list for PBXNativeTarget "WWDC Parties" */;
			buildPhases = (
				044468191A5DD75100B22106 /* Sources */,
				0444681A1A5DD75100B22106 /* Frameworks */,
				0444681B1A5DD75100B22106 /* Resources */,
				04DF35D11A722C9100C78C70 /* Embed App Extensions */,
			);
			buildRules = (
			);
			dependencies = (
				04DF35C91A722C9100C78C70 /* PBXTargetDependency */,
			);
			name = "WWDC Parties";
			productName = "WWDC Parties";
			productReference = 0444681D1A5DD75100B22106 /* WWDC Parties.app */;
			productType = "com.apple.product-type.application";
		};
		044468331A5DD75100B22106 /* WWDC PartiesTests */ = {
			isa = PBXNativeTarget;
			buildConfigurationList = 044468411A5DD75100B22106 /* Build configuration list for PBXNativeTarget "WWDC PartiesTests" */;
			buildPhases = (
				044468301A5DD75100B22106 /* Sources */,
				044468311A5DD75100B22106 /* Frameworks */,
				044468321A5DD75100B22106 /* Resources */,
			);
			buildRules = (
			);
			dependencies = (
				044468361A5DD75100B22106 /* PBXTargetDependency */,
			);
			name = "WWDC PartiesTests";
			productName = "WWDC PartiesTests";
			productReference = 044468341A5DD75100B22106 /* WWDC PartiesTests.xctest */;
			productType = "com.apple.product-type.bundle.unit-test";
		};
		04DF35AC1A722C9000C78C70 /* WWDC Parties WatchKit Extension */ = {
			isa = PBXNativeTarget;
			buildConfigurationList = 04DF35D01A722C9100C78C70 /* Build configuration list for PBXNativeTarget "WWDC Parties WatchKit Extension" */;
			buildPhases = (
				04DF35A91A722C9000C78C70 /* Sources */,
				04DF35AA1A722C9000C78C70 /* Frameworks */,
				04DF35AB1A722C9000C78C70 /* Resources */,
			);
			buildRules = (
			);
			dependencies = (
				04DF35BF1A722C9000C78C70 /* PBXTargetDependency */,
			);
			name = "WWDC Parties WatchKit Extension";
			productName = "WWDC Parties WatchKit Extension";
			productReference = 04DF35AD1A722C9000C78C70 /* WWDC Parties WatchKit Extension.appex */;
			productType = "com.apple.product-type.watchkit-extension";
		};
		04DF35BB1A722C9000C78C70 /* WWDC Parties WatchKit App */ = {
			isa = PBXNativeTarget;
			buildConfigurationList = 04DF35CF1A722C9100C78C70 /* Build configuration list for PBXNativeTarget "WWDC Parties WatchKit App" */;
			buildPhases = (
				04DF35BA1A722C9000C78C70 /* Resources */,
			);
			buildRules = (
			);
			dependencies = (
			);
			name = "WWDC Parties WatchKit App";
			productName = "WWDC Parties WatchKit App";
			productReference = 04DF35BC1A722C9000C78C70 /* WWDC Parties WatchKit App.app */;
			productType = "com.apple.product-type.application.watchapp";
		};
/* End PBXNativeTarget section */

/* Begin PBXProject section */
		044468151A5DD75100B22106 /* Project object */ = {
			isa = PBXProject;
			attributes = {
				LastUpgradeCheck = 0610;
				ORGANIZATIONNAME = "Cocoatype, LLC";
				TargetAttributes = {
					0444681C1A5DD75100B22106 = {
						CreatedOnToolsVersion = 6.1;
						DevelopmentTeam = 287EDDET2B;
						SystemCapabilities = {
							com.apple.ApplicationGroups.iOS = {
								enabled = 1;
							};
							com.apple.SafariKeychain = {
								enabled = 1;
							};
						};
					};
					044468331A5DD75100B22106 = {
						CreatedOnToolsVersion = 6.1;
						TestTargetID = 0444681C1A5DD75100B22106;
					};
					04DF35AC1A722C9000C78C70 = {
						CreatedOnToolsVersion = 6.2;
						DevelopmentTeam = 287EDDET2B;
						SystemCapabilities = {
							com.apple.ApplicationGroups.iOS = {
								enabled = 1;
							};
						};
					};
					04DF35BB1A722C9000C78C70 = {
						CreatedOnToolsVersion = 6.2;
					};
				};
			};
			buildConfigurationList = 044468181A5DD75100B22106 /* Build configuration list for PBXProject "WWDC Parties" */;
			compatibilityVersion = "Xcode 3.2";
			developmentRegion = English;
			hasScannedForEncodings = 0;
			knownRegions = (
				en,
				Base,
			);
			mainGroup = 044468141A5DD75100B22106;
			productRefGroup = 0444681E1A5DD75100B22106 /* Products */;
			projectDirPath = "";
			projectRoot = "";
			targets = (
				0444681C1A5DD75100B22106 /* WWDC Parties */,
				044468331A5DD75100B22106 /* WWDC PartiesTests */,
				04DF35AC1A722C9000C78C70 /* WWDC Parties WatchKit Extension */,
				04DF35BB1A722C9000C78C70 /* WWDC Parties WatchKit App */,
			);
		};
/* End PBXProject section */

/* Begin PBXResourcesBuildPhase section */
		0444681B1A5DD75100B22106 /* Resources */ = {
			isa = PBXResourcesBuildPhase;
			buildActionMask = 2147483647;
			files = (
				0444682A1A5DD75100B22106 /* Main.storyboard in Resources */,
				0444682F1A5DD75100B22106 /* LaunchScreen.xib in Resources */,
				0444682C1A5DD75100B22106 /* Images.xcassets in Resources */,
			);
			runOnlyForDeploymentPostprocessing = 0;
		};
		044468321A5DD75100B22106 /* Resources */ = {
			isa = PBXResourcesBuildPhase;
			buildActionMask = 2147483647;
			files = (
			);
			runOnlyForDeploymentPostprocessing = 0;
		};
		04DF35AB1A722C9000C78C70 /* Resources */ = {
			isa = PBXResourcesBuildPhase;
			buildActionMask = 2147483647;
			files = (
				04DF35B91A722C9000C78C70 /* Images.xcassets in Resources */,
				04DF35BD1A722C9000C78C70 /* WWDC Parties WatchKit App.app in Resources */,
			);
			runOnlyForDeploymentPostprocessing = 0;
		};
		04DF35BA1A722C9000C78C70 /* Resources */ = {
			isa = PBXResourcesBuildPhase;
			buildActionMask = 2147483647;
			files = (
				04DF35C51A722C9100C78C70 /* Interface.storyboard in Resources */,
				04DF35C71A722C9100C78C70 /* Images.xcassets in Resources */,
			);
			runOnlyForDeploymentPostprocessing = 0;
		};
/* End PBXResourcesBuildPhase section */

/* Begin PBXSourcesBuildPhase section */
		044468191A5DD75100B22106 /* Sources */ = {
			isa = PBXSourcesBuildPhase;
			buildActionMask = 2147483647;
			files = (
				044468271A5DD75100B22106 /* PartyInfoViewController.swift in Sources */,
				040ED13F1A5E09A80014413E /* PartyListCell.swift in Sources */,
				047170C91A72603A00F5C22B /* WWDCPartiesAPI.swift in Sources */,
				044468251A5DD75100B22106 /* PartyListViewController.swift in Sources */,
				044468231A5DD75100B22106 /* AppDelegate.swift in Sources */,
				044468491A5DEF9000B22106 /* SwiftyJSON.swift in Sources */,
				044468451A5DE1EF00B22106 /* PartyHandler.swift in Sources */,
				047170C61A725F0500F5C22B /* MMWormhole.m in Sources */,
				04AEF8771A5E1C7200135778 /* Party.swift in Sources */,
				040ED13C1A5E06620014413E /* PartyListDataSource.swift in Sources */,
				0471769A1A64C17B00B897F1 /* PartyInfoSharer.swift in Sources */,
			);
			runOnlyForDeploymentPostprocessing = 0;
		};
		044468301A5DD75100B22106 /* Sources */ = {
			isa = PBXSourcesBuildPhase;
			buildActionMask = 2147483647;
			files = (
				0444683B1A5DD75100B22106 /* WWDC_PartiesTests.swift in Sources */,
			);
			runOnlyForDeploymentPostprocessing = 0;
		};
		04DF35A91A722C9000C78C70 /* Sources */ = {
			isa = PBXSourcesBuildPhase;
			buildActionMask = 2147483647;
			files = (
				04DF35B51A722C9000C78C70 /* NotificationController.swift in Sources */,
				04DF35D41A72397900C78C70 /* PartyRow.swift in Sources */,
				04DF35D81A723CC200C78C70 /* PartyInfoController.swift in Sources */,
				04DF35B31A722C9000C78C70 /* InterfaceController.swift in Sources */,
				04DF35B71A722C9000C78C70 /* GlanceController.swift in Sources */,
			);
			runOnlyForDeploymentPostprocessing = 0;
		};
/* End PBXSourcesBuildPhase section */

/* Begin PBXTargetDependency section */
		044468361A5DD75100B22106 /* PBXTargetDependency */ = {
			isa = PBXTargetDependency;
			target = 0444681C1A5DD75100B22106 /* WWDC Parties */;
			targetProxy = 044468351A5DD75100B22106 /* PBXContainerItemProxy */;
		};
		04DF35BF1A722C9000C78C70 /* PBXTargetDependency */ = {
			isa = PBXTargetDependency;
			target = 04DF35BB1A722C9000C78C70 /* WWDC Parties WatchKit App */;
			targetProxy = 04DF35BE1A722C9000C78C70 /* PBXContainerItemProxy */;
		};
		04DF35C91A722C9100C78C70 /* PBXTargetDependency */ = {
			isa = PBXTargetDependency;
			target = 04DF35AC1A722C9000C78C70 /* WWDC Parties WatchKit Extension */;
			targetProxy = 04DF35C81A722C9100C78C70 /* PBXContainerItemProxy */;
		};
/* End PBXTargetDependency section */

/* Begin PBXVariantGroup section */
		044468281A5DD75100B22106 /* Main.storyboard */ = {
			isa = PBXVariantGroup;
			children = (
				044468291A5DD75100B22106 /* Base */,
			);
			name = Main.storyboard;
			sourceTree = "<group>";
		};
		0444682D1A5DD75100B22106 /* LaunchScreen.xib */ = {
			isa = PBXVariantGroup;
			children = (
				0444682E1A5DD75100B22106 /* Base */,
			);
			name = LaunchScreen.xib;
			sourceTree = "<group>";
		};
		04DF35C31A722C9100C78C70 /* Interface.storyboard */ = {
			isa = PBXVariantGroup;
			children = (
				04DF35C41A722C9100C78C70 /* Base */,
			);
			name = Interface.storyboard;
			sourceTree = "<group>";
		};
/* End PBXVariantGroup section */

/* Begin XCBuildConfiguration section */
		0444683C1A5DD75100B22106 /* Debug */ = {
			isa = XCBuildConfiguration;
			buildSettings = {
				ALWAYS_SEARCH_USER_PATHS = NO;
				CLANG_CXX_LANGUAGE_STANDARD = "gnu++0x";
				CLANG_CXX_LIBRARY = "libc++";
				CLANG_ENABLE_MODULES = YES;
				CLANG_ENABLE_OBJC_ARC = YES;
				CLANG_WARN_BOOL_CONVERSION = YES;
				CLANG_WARN_CONSTANT_CONVERSION = YES;
				CLANG_WARN_DIRECT_OBJC_ISA_USAGE = YES_ERROR;
				CLANG_WARN_EMPTY_BODY = YES;
				CLANG_WARN_ENUM_CONVERSION = YES;
				CLANG_WARN_INT_CONVERSION = YES;
				CLANG_WARN_OBJC_ROOT_CLASS = YES_ERROR;
				CLANG_WARN_UNREACHABLE_CODE = YES;
				CLANG_WARN__DUPLICATE_METHOD_MATCH = YES;
				"CODE_SIGN_IDENTITY[sdk=iphoneos*]" = "iPhone Developer";
				COPY_PHASE_STRIP = NO;
				ENABLE_STRICT_OBJC_MSGSEND = YES;
				GCC_C_LANGUAGE_STANDARD = gnu99;
				GCC_DYNAMIC_NO_PIC = NO;
				GCC_OPTIMIZATION_LEVEL = 0;
				GCC_PREPROCESSOR_DEFINITIONS = (
					"DEBUG=1",
					"$(inherited)",
				);
				GCC_SYMBOLS_PRIVATE_EXTERN = NO;
				GCC_WARN_64_TO_32_BIT_CONVERSION = YES;
				GCC_WARN_ABOUT_RETURN_TYPE = YES_ERROR;
				GCC_WARN_UNDECLARED_SELECTOR = YES;
				GCC_WARN_UNINITIALIZED_AUTOS = YES_AGGRESSIVE;
				GCC_WARN_UNUSED_FUNCTION = YES;
				GCC_WARN_UNUSED_VARIABLE = YES;
				IPHONEOS_DEPLOYMENT_TARGET = 8.1;
				MTL_ENABLE_DEBUG_INFO = YES;
				ONLY_ACTIVE_ARCH = YES;
				SDKROOT = iphoneos;
				SWIFT_OPTIMIZATION_LEVEL = "-Onone";
				TARGETED_DEVICE_FAMILY = "1,2";
			};
			name = Debug;
		};
		0444683D1A5DD75100B22106 /* Release */ = {
			isa = XCBuildConfiguration;
			buildSettings = {
				ALWAYS_SEARCH_USER_PATHS = NO;
				CLANG_CXX_LANGUAGE_STANDARD = "gnu++0x";
				CLANG_CXX_LIBRARY = "libc++";
				CLANG_ENABLE_MODULES = YES;
				CLANG_ENABLE_OBJC_ARC = YES;
				CLANG_WARN_BOOL_CONVERSION = YES;
				CLANG_WARN_CONSTANT_CONVERSION = YES;
				CLANG_WARN_DIRECT_OBJC_ISA_USAGE = YES_ERROR;
				CLANG_WARN_EMPTY_BODY = YES;
				CLANG_WARN_ENUM_CONVERSION = YES;
				CLANG_WARN_INT_CONVERSION = YES;
				CLANG_WARN_OBJC_ROOT_CLASS = YES_ERROR;
				CLANG_WARN_UNREACHABLE_CODE = YES;
				CLANG_WARN__DUPLICATE_METHOD_MATCH = YES;
				"CODE_SIGN_IDENTITY[sdk=iphoneos*]" = "iPhone Developer";
				COPY_PHASE_STRIP = YES;
				ENABLE_NS_ASSERTIONS = NO;
				ENABLE_STRICT_OBJC_MSGSEND = YES;
				GCC_C_LANGUAGE_STANDARD = gnu99;
				GCC_WARN_64_TO_32_BIT_CONVERSION = YES;
				GCC_WARN_ABOUT_RETURN_TYPE = YES_ERROR;
				GCC_WARN_UNDECLARED_SELECTOR = YES;
				GCC_WARN_UNINITIALIZED_AUTOS = YES_AGGRESSIVE;
				GCC_WARN_UNUSED_FUNCTION = YES;
				GCC_WARN_UNUSED_VARIABLE = YES;
				IPHONEOS_DEPLOYMENT_TARGET = 8.1;
				MTL_ENABLE_DEBUG_INFO = NO;
				SDKROOT = iphoneos;
				TARGETED_DEVICE_FAMILY = "1,2";
				VALIDATE_PRODUCT = YES;
			};
			name = Release;
		};
		0444683F1A5DD75100B22106 /* Debug */ = {
			isa = XCBuildConfiguration;
			buildSettings = {
				ASSETCATALOG_COMPILER_APPICON_NAME = AppIcon;
				CLANG_ENABLE_MODULES = YES;
				CODE_SIGN_ENTITLEMENTS = "WWDC Parties/WWDC Parties.entitlements";
				CODE_SIGN_IDENTITY = "iPhone Developer";
				"CODE_SIGN_IDENTITY[sdk=iphoneos*]" = "iPhone Developer";
				EMBEDDED_CONTENT_CONTAINS_SWIFT = YES;
				INFOPLIST_FILE = "WWDC Parties/Info.plist";
				LD_RUNPATH_SEARCH_PATHS = "$(inherited) @executable_path/Frameworks";
				PRODUCT_NAME = "$(TARGET_NAME)";
				PROVISIONING_PROFILE = "";
				SWIFT_OBJC_BRIDGING_HEADER = "WWDC Parties/WWDC Parties-Bridging-Header.h";
				SWIFT_OPTIMIZATION_LEVEL = "-Onone";
			};
			name = Debug;
		};
		044468401A5DD75100B22106 /* Release */ = {
			isa = XCBuildConfiguration;
			buildSettings = {
				ASSETCATALOG_COMPILER_APPICON_NAME = AppIcon;
				CLANG_ENABLE_MODULES = YES;
				CODE_SIGN_ENTITLEMENTS = "WWDC Parties/WWDC Parties.entitlements";
				CODE_SIGN_IDENTITY = "iPhone Developer";
				"CODE_SIGN_IDENTITY[sdk=iphoneos*]" = "iPhone Developer";
				EMBEDDED_CONTENT_CONTAINS_SWIFT = YES;
				INFOPLIST_FILE = "WWDC Parties/Info.plist";
				LD_RUNPATH_SEARCH_PATHS = "$(inherited) @executable_path/Frameworks";
				PRODUCT_NAME = "$(TARGET_NAME)";
				PROVISIONING_PROFILE = "";
				SWIFT_OBJC_BRIDGING_HEADER = "WWDC Parties/WWDC Parties-Bridging-Header.h";
			};
			name = Release;
		};
		044468421A5DD75100B22106 /* Debug */ = {
			isa = XCBuildConfiguration;
			buildSettings = {
				BUNDLE_LOADER = "$(TEST_HOST)";
				FRAMEWORK_SEARCH_PATHS = (
					"$(SDKROOT)/Developer/Library/Frameworks",
					"$(inherited)",
				);
				GCC_PREPROCESSOR_DEFINITIONS = (
					"DEBUG=1",
					"$(inherited)",
				);
				INFOPLIST_FILE = "WWDC PartiesTests/Info.plist";
				LD_RUNPATH_SEARCH_PATHS = "$(inherited) @executable_path/Frameworks @loader_path/Frameworks";
				PRODUCT_NAME = "$(TARGET_NAME)";
				TEST_HOST = "$(BUILT_PRODUCTS_DIR)/WWDC Parties.app/WWDC Parties";
			};
			name = Debug;
		};
		044468431A5DD75100B22106 /* Release */ = {
			isa = XCBuildConfiguration;
			buildSettings = {
				BUNDLE_LOADER = "$(TEST_HOST)";
				FRAMEWORK_SEARCH_PATHS = (
					"$(SDKROOT)/Developer/Library/Frameworks",
					"$(inherited)",
				);
				INFOPLIST_FILE = "WWDC PartiesTests/Info.plist";
				LD_RUNPATH_SEARCH_PATHS = "$(inherited) @executable_path/Frameworks @loader_path/Frameworks";
				PRODUCT_NAME = "$(TARGET_NAME)";
				TEST_HOST = "$(BUILT_PRODUCTS_DIR)/WWDC Parties.app/WWDC Parties";
			};
			name = Release;
		};
		04DF35CB1A722C9100C78C70 /* Debug */ = {
			isa = XCBuildConfiguration;
			buildSettings = {
				CODE_SIGN_ENTITLEMENTS = "WWDC Parties WatchKit Extension/WWDC Parties WatchKit Extension.entitlements";
				CODE_SIGN_IDENTITY = "iPhone Developer";
				"CODE_SIGN_IDENTITY[sdk=iphoneos*]" = "iPhone Developer";
				GCC_PREPROCESSOR_DEFINITIONS = (
					"DEBUG=1",
					"$(inherited)",
				);
				INFOPLIST_FILE = "WWDC Parties WatchKit Extension/Info.plist";
				IPHONEOS_DEPLOYMENT_TARGET = 8.2;
				LD_RUNPATH_SEARCH_PATHS = "$(inherited) @executable_path/Frameworks @executable_path/../../Frameworks";
				PRODUCT_NAME = "${TARGET_NAME}";
				PROVISIONING_PROFILE = "";
				SKIP_INSTALL = YES;
			};
			name = Debug;
		};
		04DF35CC1A722C9100C78C70 /* Release */ = {
			isa = XCBuildConfiguration;
			buildSettings = {
				CODE_SIGN_ENTITLEMENTS = "WWDC Parties WatchKit Extension/WWDC Parties WatchKit Extension.entitlements";
				CODE_SIGN_IDENTITY = "iPhone Developer";
				"CODE_SIGN_IDENTITY[sdk=iphoneos*]" = "iPhone Developer";
				COPY_PHASE_STRIP = NO;
				INFOPLIST_FILE = "WWDC Parties WatchKit Extension/Info.plist";
				IPHONEOS_DEPLOYMENT_TARGET = 8.2;
				LD_RUNPATH_SEARCH_PATHS = "$(inherited) @executable_path/Frameworks @executable_path/../../Frameworks";
				PRODUCT_NAME = "${TARGET_NAME}";
				PROVISIONING_PROFILE = "";
				SKIP_INSTALL = YES;
			};
			name = Release;
		};
		04DF35CD1A722C9100C78C70 /* Debug */ = {
			isa = XCBuildConfiguration;
			buildSettings = {
				ASSETCATALOG_COMPILER_APPICON_NAME = AppIcon;
				ASSETCATALOG_COMPILER_LAUNCHIMAGE_NAME = LaunchImage;
				GCC_PREPROCESSOR_DEFINITIONS = (
					"DEBUG=1",
					"$(inherited)",
				);
				IBSC_MODULE = WWDC_Parties_WatchKit_Extension;
				INFOPLIST_FILE = "WWDC Parties WatchKit App/Info.plist";
				IPHONEOS_DEPLOYMENT_TARGET = 8.2;
				PRODUCT_NAME = "$(TARGET_NAME)";
				SKIP_INSTALL = YES;
				TARGETED_DEVICE_FAMILY = 4;
				"TARGETED_DEVICE_FAMILY[sdk=iphonesimulator*]" = "1,4";
			};
			name = Debug;
		};
		04DF35CE1A722C9100C78C70 /* Release */ = {
			isa = XCBuildConfiguration;
			buildSettings = {
				ASSETCATALOG_COMPILER_APPICON_NAME = AppIcon;
				ASSETCATALOG_COMPILER_LAUNCHIMAGE_NAME = LaunchImage;
				COPY_PHASE_STRIP = NO;
				IBSC_MODULE = WWDC_Parties_WatchKit_Extension;
				INFOPLIST_FILE = "WWDC Parties WatchKit App/Info.plist";
				IPHONEOS_DEPLOYMENT_TARGET = 8.2;
				PRODUCT_NAME = "$(TARGET_NAME)";
				SKIP_INSTALL = YES;
				TARGETED_DEVICE_FAMILY = 4;
				"TARGETED_DEVICE_FAMILY[sdk=iphonesimulator*]" = "1,4";
			};
			name = Release;
		};
/* End XCBuildConfiguration section */

/* Begin XCConfigurationList section */
		044468181A5DD75100B22106 /* Build configuration list for PBXProject "WWDC Parties" */ = {
			isa = XCConfigurationList;
			buildConfigurations = (
				0444683C1A5DD75100B22106 /* Debug */,
				0444683D1A5DD75100B22106 /* Release */,
			);
			defaultConfigurationIsVisible = 0;
			defaultConfigurationName = Release;
		};
		0444683E1A5DD75100B22106 /* Build configuration list for PBXNativeTarget "WWDC Parties" */ = {
			isa = XCConfigurationList;
			buildConfigurations = (
				0444683F1A5DD75100B22106 /* Debug */,
				044468401A5DD75100B22106 /* Release */,
			);
			defaultConfigurationIsVisible = 0;
			defaultConfigurationName = Release;
		};
		044468411A5DD75100B22106 /* Build configuration list for PBXNativeTarget "WWDC PartiesTests" */ = {
			isa = XCConfigurationList;
			buildConfigurations = (
				044468421A5DD75100B22106 /* Debug */,
				044468431A5DD75100B22106 /* Release */,
			);
			defaultConfigurationIsVisible = 0;
			defaultConfigurationName = Release;
		};
		04DF35CF1A722C9100C78C70 /* Build configuration list for PBXNativeTarget "WWDC Parties WatchKit App" */ = {
			isa = XCConfigurationList;
			buildConfigurations = (
				04DF35CD1A722C9100C78C70 /* Debug */,
				04DF35CE1A722C9100C78C70 /* Release */,
			);
			defaultConfigurationIsVisible = 0;
			defaultConfigurationName = Release;
		};
		04DF35D01A722C9100C78C70 /* Build configuration list for PBXNativeTarget "WWDC Parties WatchKit Extension" */ = {
			isa = XCConfigurationList;
			buildConfigurations = (
				04DF35CB1A722C9100C78C70 /* Debug */,
				04DF35CC1A722C9100C78C70 /* Release */,
			);
			defaultConfigurationIsVisible = 0;
			defaultConfigurationName = Release;
		};
/* End XCConfigurationList section */
	};
	rootObject = 044468151A5DD75100B22106 /* Project object */;
}
